
Microsoft Visual Studio Solution File, Format Version 12.00
# Visual Studio Version 17
VisualStudioVersion = 17.8.34330.188
MinimumVisualStudioVersion = 10.0.40219.1
Project("{FAE04EC0-301F-11D3-BF4B-00C04F79EFBC}") = "Practices", "Practices\Practices.csproj", "{A80EA0A0-0B40-4774-9CF3-0828E64E7D69}"
EndProject
Project("{FAE04EC0-301F-11D3-BF4B-00C04F79EFBC}") = "Practices.Tests", "ClassLibrary1\Practices.Tests.csproj", "{D2C810D6-8459-49F5-B3F3-661A9A73BBFB}"
EndProject
Global
	GlobalSection(SolutionConfigurationPlatforms) = preSolution
		Debug|Any CPU = Debug|Any CPU
		Release|Any CPU = Release|Any CPU
	EndGlobalSection
	GlobalSection(ProjectConfigurationPlatforms) = postSolution
		{A80EA0A0-0B40-4774-9CF3-0828E64E7D69}.Debug|Any CPU.ActiveCfg = Debug|Any CPU
		{A80EA0A0-0B40-4774-9CF3-0828E64E7D69}.Debug|Any CPU.Build.0 = Debug|Any CPU
		{A80EA0A0-0B40-4774-9CF3-0828E64E7D69}.Release|Any CPU.ActiveCfg = Release|Any CPU
		{A80EA0A0-0B40-4774-9CF3-0828E64E7D69}.Release|Any CPU.Build.0 = Release|Any CPU
		{D2C810D6-8459-49F5-B3F3-661A9A73BBFB}.Debug|Any CPU.ActiveCfg = Debug|Any CPU
		{D2C810D6-8459-49F5-B3F3-661A9A73BBFB}.Debug|Any CPU.Build.0 = Debug|Any CPU
		{D2C810D6-8459-49F5-B3F3-661A9A73BBFB}.Release|Any CPU.ActiveCfg = Release|Any CPU
		{D2C810D6-8459-49F5-B3F3-661A9A73BBFB}.Release|Any CPU.Build.0 = Release|Any CPU
	EndGlobalSection
	GlobalSection(SolutionProperties) = preSolution
		HideSolutionNode = FALSE
	EndGlobalSection
	GlobalSection(ExtensibilityGlobals) = postSolution
		SolutionGuid = {D6CBCC37-F5A8-42F6-A1BA-FFF75994C070}
	EndGlobalSection
EndGlobal
